
Microsoft Visual Studio Solution File, Format Version 12.00
Project("{FAE04EC0-301F-11D3-BF4B-00C04F79EFBC}") = "TodoAPI", "TodoAPI\TodoAPI.csproj", "{CED5E77D-EA99-42A5-A44D-CD98E5BFB022}"
EndProject
Global
	GlobalSection(SolutionConfigurationPlatforms) = preSolution
		Debug|Any CPU = Debug|Any CPU
		Release|Any CPU = Release|Any CPU
	EndGlobalSection
	GlobalSection(ProjectConfigurationPlatforms) = postSolution
		{CED5E77D-EA99-42A5-A44D-CD98E5BFB022}.Debug|Any CPU.ActiveCfg = Debug|Any CPU
		{CED5E77D-EA99-42A5-A44D-CD98E5BFB022}.Debug|Any CPU.Build.0 = Debug|Any CPU
		{CED5E77D-EA99-42A5-A44D-CD98E5BFB022}.Release|Any CPU.ActiveCfg = Release|Any CPU
		{CED5E77D-EA99-42A5-A44D-CD98E5BFB022}.Release|Any CPU.Build.0 = Release|Any CPU
	EndGlobalSection
EndGlobal
